
Microsoft Visual Studio Solution File, Format Version 12.00
# Visual Studio Version 17
VisualStudioVersion = 17.14.36930.0
MinimumVisualStudioVersion = 10.0.40219.1
Project("{FAE04EC0-301F-11D3-BF4B-00C04F79EFBC}") = "SV22T1020494.Admin", "SV22T1020494.Admin\SV22T1020494.Admin.csproj", "{ACBDB6C6-4ED0-4B79-82C3-589CAD83228B}"
EndProject
Project("{FAE04EC0-301F-11D3-BF4B-00C04F79EFBC}") = "SV22T1020494.Shop", "SV22T1020494.Shop\SV22T1020494.Shop.csproj", "{B2BC9BF6-5512-4449-8EFB-DEB863C19F3A}"
EndProject
Project("{2150E333-8FDC-42A3-9474-1A3956D46DE8}") = "Applications", "Applications", "{02EA681E-C7D8-13C7-8484-4AC65E1B71E8}"
EndProject
Project("{2150E333-8FDC-42A3-9474-1A3956D46DE8}") = "Libraries", "Libraries", "{7BC6E85B-9826-47B2-90A8-F067DCC09BFC}"
EndProject
Project("{FAE04EC0-301F-11D3-BF4B-00C04F79EFBC}") = "SV22T1020494.BusinessLayers", "SV22T1020494.BusinessLayers\SV22T1020494.BusinessLayers.csproj", "{E0450EF8-8826-4BF6-9E55-A445B1B524CE}"
EndProject
Project("{FAE04EC0-301F-11D3-BF4B-00C04F79EFBC}") = "SV22T1020494.DataLayers", "SV22T1020494.DataLayers\SV22T1020494.DataLayers.csproj", "{76BC2063-4BDF-4B06-BCA8-8C21D1980360}"
EndProject
Project("{FAE04EC0-301F-11D3-BF4B-00C04F79EFBC}") = "SV22T1020494.Models", "SV22T1020494.Models\SV22T1020494.Models.csproj", "{79D6F848-111B-4B96-B779-2667CAB99A33}"
EndProject
Global
	GlobalSection(SolutionConfigurationPlatforms) = preSolution
		Debug|Any CPU = Debug|Any CPU
		Release|Any CPU = Release|Any CPU
	EndGlobalSection
	GlobalSection(ProjectConfigurationPlatforms) = postSolution
		{ACBDB6C6-4ED0-4B79-82C3-589CAD83228B}.Debug|Any CPU.ActiveCfg = Debug|Any CPU
		{ACBDB6C6-4ED0-4B79-82C3-589CAD83228B}.Debug|Any CPU.Build.0 = Debug|Any CPU
		{ACBDB6C6-4ED0-4B79-82C3-589CAD83228B}.Release|Any CPU.ActiveCfg = Release|Any CPU
		{ACBDB6C6-4ED0-4B79-82C3-589CAD83228B}.Release|Any CPU.Build.0 = Release|Any CPU
		{B2BC9BF6-5512-4449-8EFB-DEB863C19F3A}.Debug|Any CPU.ActiveCfg = Debug|Any CPU
		{B2BC9BF6-5512-4449-8EFB-DEB863C19F3A}.Debug|Any CPU.Build.0 = Debug|Any CPU
		{B2BC9BF6-5512-4449-8EFB-DEB863C19F3A}.Release|Any CPU.ActiveCfg = Release|Any CPU
		{B2BC9BF6-5512-4449-8EFB-DEB863C19F3A}.Release|Any CPU.Build.0 = Release|Any CPU
		{E0450EF8-8826-4BF6-9E55-A445B1B524CE}.Debug|Any CPU.ActiveCfg = Debug|Any CPU
		{E0450EF8-8826-4BF6-9E55-A445B1B524CE}.Debug|Any CPU.Build.0 = Debug|Any CPU
		{E0450EF8-8826-4BF6-9E55-A445B1B524CE}.Release|Any CPU.ActiveCfg = Release|Any CPU
		{E0450EF8-8826-4BF6-9E55-A445B1B524CE}.Release|Any CPU.Build.0 = Release|Any CPU
		{76BC2063-4BDF-4B06-BCA8-8C21D1980360}.Debug|Any CPU.ActiveCfg = Debug|Any CPU
		{76BC2063-4BDF-4B06-BCA8-8C21D1980360}.Debug|Any CPU.Build.0 = Debug|Any CPU
		{76BC2063-4BDF-4B06-BCA8-8C21D1980360}.Release|Any CPU.ActiveCfg = Release|Any CPU
		{76BC2063-4BDF-4B06-BCA8-8C21D1980360}.Release|Any CPU.Build.0 = Release|Any CPU
		{79D6F848-111B-4B96-B779-2667CAB99A33}.Debug|Any CPU.ActiveCfg = Debug|Any CPU
		{79D6F848-111B-4B96-B779-2667CAB99A33}.Debug|Any CPU.Build.0 = Debug|Any CPU
		{79D6F848-111B-4B96-B779-2667CAB99A33}.Release|Any CPU.ActiveCfg = Release|Any CPU
		{79D6F848-111B-4B96-B779-2667CAB99A33}.Release|Any CPU.Build.0 = Release|Any CPU
	EndGlobalSection
	GlobalSection(SolutionProperties) = preSolution
		HideSolutionNode = FALSE
	EndGlobalSection
	GlobalSection(NestedProjects) = preSolution
		{ACBDB6C6-4ED0-4B79-82C3-589CAD83228B} = {02EA681E-C7D8-13C7-8484-4AC65E1B71E8}
		{B2BC9BF6-5512-4449-8EFB-DEB863C19F3A} = {02EA681E-C7D8-13C7-8484-4AC65E1B71E8}
		{E0450EF8-8826-4BF6-9E55-A445B1B524CE} = {7BC6E85B-9826-47B2-90A8-F067DCC09BFC}
		{76BC2063-4BDF-4B06-BCA8-8C21D1980360} = {7BC6E85B-9826-47B2-90A8-F067DCC09BFC}
		{79D6F848-111B-4B96-B779-2667CAB99A33} = {7BC6E85B-9826-47B2-90A8-F067DCC09BFC}
	EndGlobalSection
	GlobalSection(ExtensibilityGlobals) = postSolution
		SolutionGuid = {6B76FC30-1C99-46F4-9D41-CDC1DDF93E80}
	EndGlobalSection
EndGlobal
